
Microsoft Visual Studio Solution File, Format Version 12.00
# Visual Studio Version 17
VisualStudioVersion = 17.1.31911.260
MinimumVisualStudioVersion = 10.0.40219.1
Project("{FAE04EC0-301F-11D3-BF4B-00C04F79EFBC}") = "Eryaz_ProductSearch", "Eryaz_ProductSearch\Eryaz_ProductSearch.csproj", "{ECA54A2A-6BAA-45D2-A4C6-C98D5ABA8C73}"
EndProject
Global
	GlobalSection(SolutionConfigurationPlatforms) = preSolution
		Debug|Any CPU = Debug|Any CPU
		Release|Any CPU = Release|Any CPU
	EndGlobalSection
	GlobalSection(ProjectConfigurationPlatforms) = postSolution
		{ECA54A2A-6BAA-45D2-A4C6-C98D5ABA8C73}.Debug|Any CPU.ActiveCfg = Debug|Any CPU
		{ECA54A2A-6BAA-45D2-A4C6-C98D5ABA8C73}.Debug|Any CPU.Build.0 = Debug|Any CPU
		{ECA54A2A-6BAA-45D2-A4C6-C98D5ABA8C73}.Release|Any CPU.ActiveCfg = Release|Any CPU
		{ECA54A2A-6BAA-45D2-A4C6-C98D5ABA8C73}.Release|Any CPU.Build.0 = Release|Any CPU
	EndGlobalSection
	GlobalSection(SolutionProperties) = preSolution
		HideSolutionNode = FALSE
	EndGlobalSection
	GlobalSection(ExtensibilityGlobals) = postSolution
		SolutionGuid = {2672711E-B92D-4B31-BA4E-3772D64D6F99}
	EndGlobalSection
EndGlobal
